<?xml version="1.0" encoding="UTF-8" standalone="yes" ?>
<CodeBlocks_project_file>
	<FileVersion major="1" minor="6" />
	<Project>
		<Option title="BEngine" />
		<Option pch_mode="2" />
		<Option compiler="gcc" />
		<Option virtualFolders="States/" />
		<Build>
			<Target title="Release">
				<Option output="bin/Release/sfml test" prefix_auto="1" extension_auto="1" />
				<Option object_output="obj/Release/" />
				<Option type="1" />
				<Option compiler="gcc" />
				<Compiler>
					<Add option="-O2" />
					<Add directory="include" />
				</Compiler>
				<Linker>
					<Add option="-s" />
					<Add library="sfml-graphics" />
					<Add library="sfml-audio" />
					<Add library="sfml-network" />
					<Add library="sfml-window" />
					<Add library="sfml-system" />
				</Linker>
			</Target>
		</Build>
		<Compiler>
			<Add option="-Wall" />
		</Compiler>
		<Unit filename="icon.rc">
			<Option compilerVar="WINDRES" />
		</Unit>
		<Unit filename="include/AssetManager.h" />
		<Unit filename="include/Collision.h" />
		<Unit filename="include/Components.h" />
		<Unit filename="include/DEFINITIONS.h" />
		<Unit filename="include/Engine.h" />
		<Unit filename="include/Entity.h" />
		<Unit filename="include/EntityManager.h" />
		<Unit filename="include/GUI/Bar.h" />
		<Unit filename="include/GUI/Button.h" />
		<Unit filename="include/GUI/GUIManager.h" />
		<Unit filename="include/GUI/Hotbar.h" />
		<Unit filename="include/GUI/Text.h" />
		<Unit filename="include/GUI/UI.h" />
		<Unit filename="include/InputManager.h" />
		<Unit filename="include/Log.h" />
		<Unit filename="include/SplashState.h">
			<Option virtualFolder="States/" />
		</Unit>
		<Unit filename="include/State.h" />
		<Unit filename="include/StateMachine.h" />
		<Unit filename="sfml-audio-2.dll" />
		<Unit filename="sfml-graphics-2.dll" />
		<Unit filename="sfml-network-2.dll" />
		<Unit filename="sfml-system-2.dll" />
		<Unit filename="sfml-window-2.dll" />
		<Unit filename="src/AssetManager.cpp" />
		<Unit filename="src/Collision.cpp" />
		<Unit filename="src/Engine.cpp" />
		<Unit filename="src/Entity Components/Bullet.cpp" />
		<Unit filename="src/Entity Components/Debug.cpp" />
		<Unit filename="src/Entity Components/Draggable.cpp" />
		<Unit filename="src/Entity Components/Gravity.cpp" />
		<Unit filename="src/Entity Components/Movement.cpp" />
		<Unit filename="src/Entity Components/Rotate.cpp" />
		<Unit filename="src/Entity Components/SnapToGrid.cpp" />
		<Unit filename="src/Entity Components/Solid.cpp" />
		<Unit filename="src/Entity Components/Wrap.cpp" />
		<Unit filename="src/Entity.cpp" />
		<Unit filename="src/EntityManager.cpp" />
		<Unit filename="src/GUI/Bar.cpp" />
		<Unit filename="src/GUI/Button.cpp" />
		<Unit filename="src/GUI/GUIManager.cpp" />
		<Unit filename="src/GUI/Hotbar.cpp" />
		<Unit filename="src/GUI/Text.cpp" />
		<Unit filename="src/InputManager.cpp" />
		<Unit filename="src/Log.cpp" />
		<Unit filename="src/SplashState.cpp">
			<Option virtualFolder="States/" />
		</Unit>
		<Unit filename="src/StateMachine.cpp" />
		<Unit filename="src/main.cpp" />
		<Extensions>
			<lib_finder disable_auto="1" />
		</Extensions>
	</Project>
</CodeBlocks_project_file>
